
Microsoft Visual Studio Solution File, Format Version 12.00
# Visual Studio Version 16
VisualStudioVersion = 16.0.31605.320
MinimumVisualStudioVersion = 10.0.40219.1
Project("{FAE04EC0-301F-11D3-BF4B-00C04F79EFBC}") = "SeaBattle", "SeaBattle.csproj", "{1D86EF9B-9AD1-46A1-B42B-4FA3CE51D271}"
EndProject
Global
	GlobalSection(SolutionConfigurationPlatforms) = preSolution
		Debug|Any CPU = Debug|Any CPU
		Release|Any CPU = Release|Any CPU
	EndGlobalSection
	GlobalSection(ProjectConfigurationPlatforms) = postSolution
		{1D86EF9B-9AD1-46A1-B42B-4FA3CE51D271}.Debug|Any CPU.ActiveCfg = Debug|Any CPU
		{1D86EF9B-9AD1-46A1-B42B-4FA3CE51D271}.Debug|Any CPU.Build.0 = Debug|Any CPU
		{1D86EF9B-9AD1-46A1-B42B-4FA3CE51D271}.Release|Any CPU.ActiveCfg = Release|Any CPU
		{1D86EF9B-9AD1-46A1-B42B-4FA3CE51D271}.Release|Any CPU.Build.0 = Release|Any CPU
	EndGlobalSection
	GlobalSection(SolutionProperties) = preSolution
		HideSolutionNode = FALSE
	EndGlobalSection
	GlobalSection(ExtensibilityGlobals) = postSolution
		SolutionGuid = {433EA5AB-8BEF-4CA8-A693-305FD3A2A9D6}
	EndGlobalSection
EndGlobal
