
Microsoft Visual Studio Solution File, Format Version 12.00
# Visual Studio Version 16
VisualStudioVersion = 16.0.31605.320
MinimumVisualStudioVersion = 10.0.40219.1
Project("{FAE04EC0-301F-11D3-BF4B-00C04F79EFBC}") = "ConsoleApp1", "ConsoleApp1.csproj", "{F5DEC671-EE47-4985-BF9A-D8CFB500334C}"
EndProject
Global
	GlobalSection(SolutionConfigurationPlatforms) = preSolution
		Debug|Any CPU = Debug|Any CPU
		Release|Any CPU = Release|Any CPU
	EndGlobalSection
	GlobalSection(ProjectConfigurationPlatforms) = postSolution
		{F5DEC671-EE47-4985-BF9A-D8CFB500334C}.Debug|Any CPU.ActiveCfg = Debug|Any CPU
		{F5DEC671-EE47-4985-BF9A-D8CFB500334C}.Debug|Any CPU.Build.0 = Debug|Any CPU
		{F5DEC671-EE47-4985-BF9A-D8CFB500334C}.Release|Any CPU.ActiveCfg = Release|Any CPU
		{F5DEC671-EE47-4985-BF9A-D8CFB500334C}.Release|Any CPU.Build.0 = Release|Any CPU
	EndGlobalSection
	GlobalSection(SolutionProperties) = preSolution
		HideSolutionNode = FALSE
	EndGlobalSection
	GlobalSection(ExtensibilityGlobals) = postSolution
		SolutionGuid = {7B4ADDE7-A6EA-4FC1-A144-6B29E258C404}
	EndGlobalSection
EndGlobal
