
Microsoft Visual Studio Solution File, Format Version 12.00
# Visual Studio Version 16
VisualStudioVersion = 16.0.31605.320
MinimumVisualStudioVersion = 10.0.40219.1
Project("{FAE04EC0-301F-11D3-BF4B-00C04F79EFBC}") = "Project3", "Project3.csproj", "{0349B57C-41F4-4741-871E-ACD7EED1C28F}"
EndProject
Global
	GlobalSection(SolutionConfigurationPlatforms) = preSolution
		Debug|Any CPU = Debug|Any CPU
		Release|Any CPU = Release|Any CPU
	EndGlobalSection
	GlobalSection(ProjectConfigurationPlatforms) = postSolution
		{0349B57C-41F4-4741-871E-ACD7EED1C28F}.Debug|Any CPU.ActiveCfg = Debug|Any CPU
		{0349B57C-41F4-4741-871E-ACD7EED1C28F}.Debug|Any CPU.Build.0 = Debug|Any CPU
		{0349B57C-41F4-4741-871E-ACD7EED1C28F}.Release|Any CPU.ActiveCfg = Release|Any CPU
		{0349B57C-41F4-4741-871E-ACD7EED1C28F}.Release|Any CPU.Build.0 = Release|Any CPU
	EndGlobalSection
	GlobalSection(SolutionProperties) = preSolution
		HideSolutionNode = FALSE
	EndGlobalSection
	GlobalSection(ExtensibilityGlobals) = postSolution
		SolutionGuid = {7877B1B6-895B-49E5-AB06-0C0F30B99732}
	EndGlobalSection
EndGlobal
