
Microsoft Visual Studio Solution File, Format Version 12.00
# Visual Studio Version 16
VisualStudioVersion = 16.0.31605.320
MinimumVisualStudioVersion = 10.0.40219.1
Project("{FAE04EC0-301F-11D3-BF4B-00C04F79EFBC}") = "Project7", "Project7.csproj", "{CE2FA0FF-EDC7-4DB4-B657-F33FB3EE41AB}"
EndProject
Global
	GlobalSection(SolutionConfigurationPlatforms) = preSolution
		Debug|Any CPU = Debug|Any CPU
		Release|Any CPU = Release|Any CPU
	EndGlobalSection
	GlobalSection(ProjectConfigurationPlatforms) = postSolution
		{CE2FA0FF-EDC7-4DB4-B657-F33FB3EE41AB}.Debug|Any CPU.ActiveCfg = Debug|Any CPU
		{CE2FA0FF-EDC7-4DB4-B657-F33FB3EE41AB}.Debug|Any CPU.Build.0 = Debug|Any CPU
		{CE2FA0FF-EDC7-4DB4-B657-F33FB3EE41AB}.Release|Any CPU.ActiveCfg = Release|Any CPU
		{CE2FA0FF-EDC7-4DB4-B657-F33FB3EE41AB}.Release|Any CPU.Build.0 = Release|Any CPU
	EndGlobalSection
	GlobalSection(SolutionProperties) = preSolution
		HideSolutionNode = FALSE
	EndGlobalSection
	GlobalSection(ExtensibilityGlobals) = postSolution
		SolutionGuid = {DB6FE884-0BC4-4282-964E-22F3167ED4A0}
	EndGlobalSection
EndGlobal
