
Microsoft Visual Studio Solution File, Format Version 12.00
# Visual Studio Version 16
VisualStudioVersion = 16.0.31605.320
MinimumVisualStudioVersion = 10.0.40219.1
Project("{FAE04EC0-301F-11D3-BF4B-00C04F79EFBC}") = "project3", "project3.csproj", "{A1805D85-A369-4BF2-86D0-3539F85BA16C}"
EndProject
Global
	GlobalSection(SolutionConfigurationPlatforms) = preSolution
		Debug|Any CPU = Debug|Any CPU
		Release|Any CPU = Release|Any CPU
	EndGlobalSection
	GlobalSection(ProjectConfigurationPlatforms) = postSolution
		{A1805D85-A369-4BF2-86D0-3539F85BA16C}.Debug|Any CPU.ActiveCfg = Debug|Any CPU
		{A1805D85-A369-4BF2-86D0-3539F85BA16C}.Debug|Any CPU.Build.0 = Debug|Any CPU
		{A1805D85-A369-4BF2-86D0-3539F85BA16C}.Release|Any CPU.ActiveCfg = Release|Any CPU
		{A1805D85-A369-4BF2-86D0-3539F85BA16C}.Release|Any CPU.Build.0 = Release|Any CPU
	EndGlobalSection
	GlobalSection(SolutionProperties) = preSolution
		HideSolutionNode = FALSE
	EndGlobalSection
	GlobalSection(ExtensibilityGlobals) = postSolution
		SolutionGuid = {749CBA17-29AE-404B-A054-4ED0A581099F}
	EndGlobalSection
EndGlobal
