
Microsoft Visual Studio Solution File, Format Version 12.00
# Visual Studio Version 16
VisualStudioVersion = 16.0.31605.320
MinimumVisualStudioVersion = 10.0.40219.1
Project("{FAE04EC0-301F-11D3-BF4B-00C04F79EFBC}") = "Project4", "Project4.csproj", "{864D871D-F331-46BB-9E9F-C6ADBDC02315}"
EndProject
Global
	GlobalSection(SolutionConfigurationPlatforms) = preSolution
		Debug|Any CPU = Debug|Any CPU
		Release|Any CPU = Release|Any CPU
	EndGlobalSection
	GlobalSection(ProjectConfigurationPlatforms) = postSolution
		{864D871D-F331-46BB-9E9F-C6ADBDC02315}.Debug|Any CPU.ActiveCfg = Debug|Any CPU
		{864D871D-F331-46BB-9E9F-C6ADBDC02315}.Debug|Any CPU.Build.0 = Debug|Any CPU
		{864D871D-F331-46BB-9E9F-C6ADBDC02315}.Release|Any CPU.ActiveCfg = Release|Any CPU
		{864D871D-F331-46BB-9E9F-C6ADBDC02315}.Release|Any CPU.Build.0 = Release|Any CPU
	EndGlobalSection
	GlobalSection(SolutionProperties) = preSolution
		HideSolutionNode = FALSE
	EndGlobalSection
	GlobalSection(ExtensibilityGlobals) = postSolution
		SolutionGuid = {7D5301DF-97F6-4F0E-AD97-1696D5B5E12E}
	EndGlobalSection
EndGlobal
