
Microsoft Visual Studio Solution File, Format Version 12.00
# Visual Studio Version 16
VisualStudioVersion = 16.0.31605.320
MinimumVisualStudioVersion = 10.0.40219.1
Project("{FAE04EC0-301F-11D3-BF4B-00C04F79EFBC}") = "Project2", "Project2.csproj", "{058D3A5D-A162-4AB9-9D31-C0DF66F3A078}"
EndProject
Global
	GlobalSection(SolutionConfigurationPlatforms) = preSolution
		Debug|Any CPU = Debug|Any CPU
		Release|Any CPU = Release|Any CPU
	EndGlobalSection
	GlobalSection(ProjectConfigurationPlatforms) = postSolution
		{058D3A5D-A162-4AB9-9D31-C0DF66F3A078}.Debug|Any CPU.ActiveCfg = Debug|Any CPU
		{058D3A5D-A162-4AB9-9D31-C0DF66F3A078}.Debug|Any CPU.Build.0 = Debug|Any CPU
		{058D3A5D-A162-4AB9-9D31-C0DF66F3A078}.Release|Any CPU.ActiveCfg = Release|Any CPU
		{058D3A5D-A162-4AB9-9D31-C0DF66F3A078}.Release|Any CPU.Build.0 = Release|Any CPU
	EndGlobalSection
	GlobalSection(SolutionProperties) = preSolution
		HideSolutionNode = FALSE
	EndGlobalSection
	GlobalSection(ExtensibilityGlobals) = postSolution
		SolutionGuid = {416D4074-ED91-485D-B63F-423C3ECB2BD8}
	EndGlobalSection
EndGlobal
