
Microsoft Visual Studio Solution File, Format Version 12.00
# Visual Studio Version 16
VisualStudioVersion = 16.0.31605.320
MinimumVisualStudioVersion = 10.0.40219.1
Project("{FAE04EC0-301F-11D3-BF4B-00C04F79EFBC}") = "Project2", "Project2.csproj", "{449078C4-1E5D-4A8E-8BD6-FF909A0C528E}"
EndProject
Global
	GlobalSection(SolutionConfigurationPlatforms) = preSolution
		Debug|Any CPU = Debug|Any CPU
		Release|Any CPU = Release|Any CPU
	EndGlobalSection
	GlobalSection(ProjectConfigurationPlatforms) = postSolution
		{449078C4-1E5D-4A8E-8BD6-FF909A0C528E}.Debug|Any CPU.ActiveCfg = Debug|Any CPU
		{449078C4-1E5D-4A8E-8BD6-FF909A0C528E}.Debug|Any CPU.Build.0 = Debug|Any CPU
		{449078C4-1E5D-4A8E-8BD6-FF909A0C528E}.Release|Any CPU.ActiveCfg = Release|Any CPU
		{449078C4-1E5D-4A8E-8BD6-FF909A0C528E}.Release|Any CPU.Build.0 = Release|Any CPU
	EndGlobalSection
	GlobalSection(SolutionProperties) = preSolution
		HideSolutionNode = FALSE
	EndGlobalSection
	GlobalSection(ExtensibilityGlobals) = postSolution
		SolutionGuid = {9DCFEFE6-74D9-484F-B399-9C4880D7F0BB}
	EndGlobalSection
EndGlobal
